
Microsoft Visual Studio Solution File, Format Version 12.00
# Visual Studio Version 16
VisualStudioVersion = 16.0.30523.141
MinimumVisualStudioVersion = 10.0.40219.1
Project("{2150E333-8FDC-42A3-9474-1A3956D46DE8}") = "0 - Core", "0 - Core", "{1517E760-7570-4640-963D-1FA2FC79116E}"
EndProject
Project("{9A19103F-16F7-4668-BE54-9A1E7A4F7556}") = "Core.Api", "Core.Api\Core.Api.csproj", "{7F808B48-6FCF-4EE7-9120-3951CC6EE1C4}"
EndProject
Project("{9A19103F-16F7-4668-BE54-9A1E7A4F7556}") = "Core.Data", "Core.Data\Core.Data.csproj", "{1DCBD8C7-0805-4281-BEB1-C9DC935E265A}"
EndProject
Project("{9A19103F-16F7-4668-BE54-9A1E7A4F7556}") = "Core.Tests", "Core.Tests\Core.Tests.csproj", "{3F5775F3-FD82-442B-BBE0-D03B1CD41CC7}"
EndProject
Project("{2150E333-8FDC-42A3-9474-1A3956D46DE8}") = "1 - Tests", "1 - Tests", "{1CCE811B-9B71-42F4-B948-6CD1CEA7501F}"
EndProject
Global
	GlobalSection(SolutionConfigurationPlatforms) = preSolution
		Debug|Any CPU = Debug|Any CPU
		Release|Any CPU = Release|Any CPU
	EndGlobalSection
	GlobalSection(ProjectConfigurationPlatforms) = postSolution
		{7F808B48-6FCF-4EE7-9120-3951CC6EE1C4}.Debug|Any CPU.ActiveCfg = Debug|Any CPU
		{7F808B48-6FCF-4EE7-9120-3951CC6EE1C4}.Debug|Any CPU.Build.0 = Debug|Any CPU
		{7F808B48-6FCF-4EE7-9120-3951CC6EE1C4}.Release|Any CPU.ActiveCfg = Release|Any CPU
		{7F808B48-6FCF-4EE7-9120-3951CC6EE1C4}.Release|Any CPU.Build.0 = Release|Any CPU
		{1DCBD8C7-0805-4281-BEB1-C9DC935E265A}.Debug|Any CPU.ActiveCfg = Debug|Any CPU
		{1DCBD8C7-0805-4281-BEB1-C9DC935E265A}.Debug|Any CPU.Build.0 = Debug|Any CPU
		{1DCBD8C7-0805-4281-BEB1-C9DC935E265A}.Release|Any CPU.ActiveCfg = Release|Any CPU
		{1DCBD8C7-0805-4281-BEB1-C9DC935E265A}.Release|Any CPU.Build.0 = Release|Any CPU
		{3F5775F3-FD82-442B-BBE0-D03B1CD41CC7}.Debug|Any CPU.ActiveCfg = Debug|Any CPU
		{3F5775F3-FD82-442B-BBE0-D03B1CD41CC7}.Debug|Any CPU.Build.0 = Debug|Any CPU
		{3F5775F3-FD82-442B-BBE0-D03B1CD41CC7}.Release|Any CPU.ActiveCfg = Release|Any CPU
		{3F5775F3-FD82-442B-BBE0-D03B1CD41CC7}.Release|Any CPU.Build.0 = Release|Any CPU
	EndGlobalSection
	GlobalSection(SolutionProperties) = preSolution
		HideSolutionNode = FALSE
	EndGlobalSection
	GlobalSection(NestedProjects) = preSolution
		{7F808B48-6FCF-4EE7-9120-3951CC6EE1C4} = {1517E760-7570-4640-963D-1FA2FC79116E}
		{1DCBD8C7-0805-4281-BEB1-C9DC935E265A} = {1517E760-7570-4640-963D-1FA2FC79116E}
		{3F5775F3-FD82-442B-BBE0-D03B1CD41CC7} = {1CCE811B-9B71-42F4-B948-6CD1CEA7501F}
	EndGlobalSection
	GlobalSection(ExtensibilityGlobals) = postSolution
		SolutionGuid = {E14D0CFA-645F-43BC-BC40-7E8956057AE1}
	EndGlobalSection
EndGlobal
